{
  "name": "essenceit",
  "version": "1.0.0",
  "lockfileVersion": 1,
  "requires": true,
  "dependencies": {
    "@openui5/sap.m": {
      "version": "1.79.0",
      "resolved": "https://registry.npmjs.org/@openui5/sap.m/-/sap.m-1.79.0.tgz",
      "integrity": "sha512-OXxWl4zo23Nk01ePEv7GLWG1/Oi0K44LNK7ovqyXsWSJmnfrfJdnscM9bf0bM5MflUkdqkQBIPU5bHM3Bby5GQ==",
      "requires": {
        "@openui5/sap.ui.core": "1.79.0",
        "@openui5/sap.ui.layout": "1.79.0",
        "@openui5/sap.ui.unified": "1.79.0"
      }
    },
    "@openui5/sap.ui.core": {
      "version": "1.79.0",
      "resolved": "https://registry.npmjs.org/@openui5/sap.ui.core/-/sap.ui.core-1.79.0.tgz",
      "integrity": "sha512-GBNE03TFpHjEdgPwBuJzBFa8Z2uOfxiJLFOlke4++ckNOssXAbsTHPwRqcoqPoVRQwWw0i25c2zbhetHFt+oGg=="
    },
    "@openui5/sap.ui.layout": {
      "version": "1.79.0",
      "resolved": "https://registry.npmjs.org/@openui5/sap.ui.layout/-/sap.ui.layout-1.79.0.tgz",
      "integrity": "sha512-atP/7yXJZaOHlSCw4S7LLIHdmEVvTouL7Yj5ahi3vrTMiT0RDLj4QGwXCFoFX5bKh0Zzb1tmSvPm3qtd079KkA==",
      "requires": {
        "@openui5/sap.ui.core": "1.79.0"
      }
    },
    "@openui5/sap.ui.unified": {
      "version": "1.79.0",
      "resolved": "https://registry.npmjs.org/@openui5/sap.ui.unified/-/sap.ui.unified-1.79.0.tgz",
      "integrity": "sha512-MYZ4coJuon3anTkokMK7J7tyaNtwaaxB7QSmT/phhqGePys1kGuZ1U68J73c/viqQseTXisPqbDH7Z2MPzDQ6A==",
      "requires": {
        "@openui5/sap.ui.core": "1.79.0"
      }
    },
    "@openui5/themelib_sap_belize": {
      "version": "1.79.0",
      "resolved": "https://registry.npmjs.org/@openui5/themelib_sap_belize/-/themelib_sap_belize-1.79.0.tgz",
      "integrity": "sha512-gY3iu2E5HrWcCFWMgBTELvXxDntZsPJxLjztK9/LxLOUYtu4Q2CL+gEgji6ptG0Py2ZhPJjliUuI3mOo5zw5Dw=="
    }
  }
}
